
Microsoft Visual Studio Solution File, Format Version 12.00
# Visual Studio Version 17
VisualStudioVersion = 17.13.36105.23 d17.13
MinimumVisualStudioVersion = 10.0.40219.1
Project("{FAE04EC0-301F-11D3-BF4B-00C04F79EFBC}") = "Union of Volunteers", "Union of Volunteers\Union of Volunteers.csproj", "{76832762-FA92-4197-B08F-91EF2F6952F9}"
EndProject
Global
	GlobalSection(SolutionConfigurationPlatforms) = preSolution
		Debug|Any CPU = Debug|Any CPU
		Release|Any CPU = Release|Any CPU
	EndGlobalSection
	GlobalSection(ProjectConfigurationPlatforms) = postSolution
		{76832762-FA92-4197-B08F-91EF2F6952F9}.Debug|Any CPU.ActiveCfg = Debug|Any CPU
		{76832762-FA92-4197-B08F-91EF2F6952F9}.Debug|Any CPU.Build.0 = Debug|Any CPU
		{76832762-FA92-4197-B08F-91EF2F6952F9}.Release|Any CPU.ActiveCfg = Release|Any CPU
		{76832762-FA92-4197-B08F-91EF2F6952F9}.Release|Any CPU.Build.0 = Release|Any CPU
	EndGlobalSection
	GlobalSection(SolutionProperties) = preSolution
		HideSolutionNode = FALSE
	EndGlobalSection
	GlobalSection(ExtensibilityGlobals) = postSolution
		SolutionGuid = {E346B9AE-12E6-426E-860C-F2CD47E54F55}
	EndGlobalSection
EndGlobal
